// !$*UTF8*$!
{
	archiveVersion = 1;
	classes = {
	};
	objectVersion = 50;
	objects = {

/* Begin PBXBuildFile section */
		010CA8B52441D6C100BE993E /* Extensions.swift in Sources */ = {isa = PBXBuildFile; fileRef = 010CA8B42441D6C100BE993E /* Extensions.swift */; };
		010CA8B72441D6FB00BE993E /* UserPrefs.swift in Sources */ = {isa = PBXBuildFile; fileRef = 010CA8B62441D6FB00BE993E /* UserPrefs.swift */; };
		010CA8B92441D73D00BE993E /* ModalView.swift in Sources */ = {isa = PBXBuildFile; fileRef = 010CA8B82441D73D00BE993E /* ModalView.swift */; };
		010CA92E244424B900BE993E /* Task.xcdatamodeld in Sources */ = {isa = PBXBuildFile; fileRef = 010CA92C244424B900BE993E /* Task.xcdatamodeld */; };
		010CA93F2444512000BE993E /* Task+CoreDataProperties.swift in Sources */ = {isa = PBXBuildFile; fileRef = 010CA93D2444512000BE993E /* Task+CoreDataProperties.swift */; };
		010CA9402444512000BE993E /* Task+CoreDataClass.swift in Sources */ = {isa = PBXBuildFile; fileRef = 010CA93E2444512000BE993E /* Task+CoreDataClass.swift */; };
		010CA94524457A6C00BE993E /* pullToRefresh.swift in Sources */ = {isa = PBXBuildFile; fileRef = 010CA94424457A6B00BE993E /* pullToRefresh.swift */; };
		010CA94724457AB600BE993E /* uiScope.swift in Sources */ = {isa = PBXBuildFile; fileRef = 010CA94624457AB600BE993E /* uiScope.swift */; };
		012E4B8F244C189600B5C554 /* NotificationCenter.framework in Frameworks */ = {isa = PBXBuildFile; fileRef = 012E4B3C244B1D0C00B5C554 /* NotificationCenter.framework */; };
		012E4B92244C189600B5C554 /* TodayViewController.swift in Sources */ = {isa = PBXBuildFile; fileRef = 012E4B91244C189600B5C554 /* TodayViewController.swift */; };
		012E4B95244C189600B5C554 /* MainInterface.storyboard in Resources */ = {isa = PBXBuildFile; fileRef = 012E4B93244C189600B5C554 /* MainInterface.storyboard */; };
		012E4B99244C189600B5C554 /* Next Task.appex in Embed App Extensions */ = {isa = PBXBuildFile; fileRef = 012E4B8E244C189600B5C554 /* Next Task.appex */; settings = {ATTRIBUTES = (RemoveHeadersOnCopy, ); }; };
		012E4B9F244C199500B5C554 /* SharedData.swift in Sources */ = {isa = PBXBuildFile; fileRef = 012E4B9E244C199500B5C554 /* SharedData.swift */; };
		012E4BA0244C19E800B5C554 /* SharedData.swift in Sources */ = {isa = PBXBuildFile; fileRef = 012E4B9E244C199500B5C554 /* SharedData.swift */; };
		012E4BA2244C2BB500B5C554 /* Helper.swift in Sources */ = {isa = PBXBuildFile; fileRef = 012E4BA1244C2BB500B5C554 /* Helper.swift */; };
		012E4BA3244C2BB800B5C554 /* Helper.swift in Sources */ = {isa = PBXBuildFile; fileRef = 012E4BA1244C2BB500B5C554 /* Helper.swift */; };
		012E4BA4244C2CB800B5C554 /* Extensions.swift in Sources */ = {isa = PBXBuildFile; fileRef = 010CA8B42441D6C100BE993E /* Extensions.swift */; };
		012E4BA5244C2CE200B5C554 /* Task.xcdatamodeld in Sources */ = {isa = PBXBuildFile; fileRef = 010CA92C244424B900BE993E /* Task.xcdatamodeld */; };
		012E4BA6244C2CE700B5C554 /* Task+CoreDataClass.swift in Sources */ = {isa = PBXBuildFile; fileRef = 010CA93E2444512000BE993E /* Task+CoreDataClass.swift */; };
		012E4BA7244C2CE900B5C554 /* Task+CoreDataProperties.swift in Sources */ = {isa = PBXBuildFile; fileRef = 010CA93D2444512000BE993E /* Task+CoreDataProperties.swift */; };
		01B4117D243F34A300D2FB4C /* AppDelegate.swift in Sources */ = {isa = PBXBuildFile; fileRef = 01B4117C243F34A300D2FB4C /* AppDelegate.swift */; };
		01B4117F243F34A300D2FB4C /* SceneDelegate.swift in Sources */ = {isa = PBXBuildFile; fileRef = 01B4117E243F34A300D2FB4C /* SceneDelegate.swift */; };
		01B41181243F34A300D2FB4C /* ContentView.swift in Sources */ = {isa = PBXBuildFile; fileRef = 01B41180243F34A300D2FB4C /* ContentView.swift */; };
		01B41183243F34A700D2FB4C /* Assets.xcassets in Resources */ = {isa = PBXBuildFile; fileRef = 01B41182243F34A700D2FB4C /* Assets.xcassets */; };
		01B41186243F34A700D2FB4C /* Preview Assets.xcassets in Resources */ = {isa = PBXBuildFile; fileRef = 01B41185243F34A700D2FB4C /* Preview Assets.xcassets */; };
		01B41189243F34A700D2FB4C /* LaunchScreen.storyboard in Resources */ = {isa = PBXBuildFile; fileRef = 01B41187243F34A700D2FB4C /* LaunchScreen.storyboard */; };
		01B41194243F34A700D2FB4C /* TasksTests.swift in Sources */ = {isa = PBXBuildFile; fileRef = 01B41193243F34A700D2FB4C /* TasksTests.swift */; };
		01B4119F243F34A700D2FB4C /* TasksUITests.swift in Sources */ = {isa = PBXBuildFile; fileRef = 01B4119E243F34A700D2FB4C /* TasksUITests.swift */; };
/* End PBXBuildFile section */

/* Begin PBXContainerItemProxy section */
		012E4B97244C189600B5C554 /* PBXContainerItemProxy */ = {
			isa = PBXContainerItemProxy;
			containerPortal = 01B41171243F34A300D2FB4C /* Project object */;
			proxyType = 1;
			remoteGlobalIDString = 012E4B8D244C189600B5C554;
			remoteInfo = "Tasks Widget";
		};
		01B41190243F34A700D2FB4C /* PBXContainerItemProxy */ = {
			isa = PBXContainerItemProxy;
			containerPortal = 01B41171243F34A300D2FB4C /* Project object */;
			proxyType = 1;
			remoteGlobalIDString = 01B41178243F34A300D2FB4C;
			remoteInfo = Tasks;
		};
		01B4119B243F34A700D2FB4C /* PBXContainerItemProxy */ = {
			isa = PBXContainerItemProxy;
			containerPortal = 01B41171243F34A300D2FB4C /* Project object */;
			proxyType = 1;
			remoteGlobalIDString = 01B41178243F34A300D2FB4C;
			remoteInfo = Tasks;
		};
/* End PBXContainerItemProxy section */

/* Begin PBXCopyFilesBuildPhase section */
		012E4B57244B255E00B5C554 /* Embed App Extensions */ = {
			isa = PBXCopyFilesBuildPhase;
			buildActionMask = 2147483647;
			dstPath = "";
			dstSubfolderSpec = 13;
			files = (
				012E4B99244C189600B5C554 /* Next Task.appex in Embed App Extensions */,
			);
			name = "Embed App Extensions";
			runOnlyForDeploymentPostprocessing = 0;
		};
		012E4B88244B2A4600B5C554 /* Embed Watch Content */ = {
			isa = PBXCopyFilesBuildPhase;
			buildActionMask = 2147483647;
			dstPath = "$(CONTENTS_FOLDER_PATH)/Watch";
			dstSubfolderSpec = 16;
			files = (
			);
			name = "Embed Watch Content";
			runOnlyForDeploymentPostprocessing = 0;
		};
/* End PBXCopyFilesBuildPhase section */

/* Begin PBXFileReference section */
		010CA8B42441D6C100BE993E /* Extensions.swift */ = {isa = PBXFileReference; lastKnownFileType = sourcecode.swift; path = Extensions.swift; sourceTree = "<group>"; };
		010CA8B62441D6FB00BE993E /* UserPrefs.swift */ = {isa = PBXFileReference; lastKnownFileType = sourcecode.swift; path = UserPrefs.swift; sourceTree = "<group>"; };
		010CA8B82441D73D00BE993E /* ModalView.swift */ = {isa = PBXFileReference; lastKnownFileType = sourcecode.swift; path = ModalView.swift; sourceTree = "<group>"; };
		010CA92D244424B900BE993E /* TaskModel.xcdatamodel */ = {isa = PBXFileReference; explicitFileType = wrapper.xcdatamodel; path = TaskModel.xcdatamodel; sourceTree = "<group>"; };
		010CA93D2444512000BE993E /* Task+CoreDataProperties.swift */ = {isa = PBXFileReference; fileEncoding = 4; lastKnownFileType = sourcecode.swift; path = "Task+CoreDataProperties.swift"; sourceTree = "<group>"; };
		010CA93E2444512000BE993E /* Task+CoreDataClass.swift */ = {isa = PBXFileReference; fileEncoding = 4; lastKnownFileType = sourcecode.swift; path = "Task+CoreDataClass.swift"; sourceTree = "<group>"; };
		010CA94424457A6B00BE993E /* pullToRefresh.swift */ = {isa = PBXFileReference; lastKnownFileType = sourcecode.swift; path = pullToRefresh.swift; sourceTree = "<group>"; };
		010CA94624457AB600BE993E /* uiScope.swift */ = {isa = PBXFileReference; lastKnownFileType = sourcecode.swift; path = uiScope.swift; sourceTree = "<group>"; };
		012E4B3C244B1D0C00B5C554 /* NotificationCenter.framework */ = {isa = PBXFileReference; lastKnownFileType = wrapper.framework; name = NotificationCenter.framework; path = System/Library/Frameworks/NotificationCenter.framework; sourceTree = SDKROOT; };
		012E4B89244C17B700B5C554 /* Tasks.entitlements */ = {isa = PBXFileReference; lastKnownFileType = text.plist.entitlements; path = Tasks.entitlements; sourceTree = "<group>"; };
		012E4B8E244C189600B5C554 /* Next Task.appex */ = {isa = PBXFileReference; explicitFileType = "wrapper.app-extension"; includeInIndex = 0; path = "Next Task.appex"; sourceTree = BUILT_PRODUCTS_DIR; };
		012E4B91244C189600B5C554 /* TodayViewController.swift */ = {isa = PBXFileReference; lastKnownFileType = sourcecode.swift; path = TodayViewController.swift; sourceTree = "<group>"; };
		012E4B94244C189600B5C554 /* Base */ = {isa = PBXFileReference; lastKnownFileType = file.storyboard; name = Base; path = Base.lproj/MainInterface.storyboard; sourceTree = "<group>"; };
		012E4B96244C189600B5C554 /* Info.plist */ = {isa = PBXFileReference; lastKnownFileType = text.plist.xml; path = Info.plist; sourceTree = "<group>"; };
		012E4B9D244C18A300B5C554 /* Tasks Widget.entitlements */ = {isa = PBXFileReference; lastKnownFileType = text.plist.entitlements; path = "Tasks Widget.entitlements"; sourceTree = "<group>"; };
		012E4B9E244C199500B5C554 /* SharedData.swift */ = {isa = PBXFileReference; lastKnownFileType = sourcecode.swift; path = SharedData.swift; sourceTree = "<group>"; };
		012E4BA1244C2BB500B5C554 /* Helper.swift */ = {isa = PBXFileReference; lastKnownFileType = sourcecode.swift; path = Helper.swift; sourceTree = "<group>"; };
		01B41179243F34A300D2FB4C /* Tasks.app */ = {isa = PBXFileReference; explicitFileType = wrapper.application; includeInIndex = 0; path = Tasks.app; sourceTree = BUILT_PRODUCTS_DIR; };
		01B4117C243F34A300D2FB4C /* AppDelegate.swift */ = {isa = PBXFileReference; lastKnownFileType = sourcecode.swift; path = AppDelegate.swift; sourceTree = "<group>"; };
		01B4117E243F34A300D2FB4C /* SceneDelegate.swift */ = {isa = PBXFileReference; lastKnownFileType = sourcecode.swift; path = SceneDelegate.swift; sourceTree = "<group>"; };
		01B41180243F34A300D2FB4C /* ContentView.swift */ = {isa = PBXFileReference; lastKnownFileType = sourcecode.swift; path = ContentView.swift; sourceTree = "<group>"; tabWidth = 4; };
		01B41182243F34A700D2FB4C /* Assets.xcassets */ = {isa = PBXFileReference; lastKnownFileType = folder.assetcatalog; path = Assets.xcassets; sourceTree = "<group>"; };
		01B41185243F34A700D2FB4C /* Preview Assets.xcassets */ = {isa = PBXFileReference; lastKnownFileType = folder.assetcatalog; path = "Preview Assets.xcassets"; sourceTree = "<group>"; };
		01B41188243F34A700D2FB4C /* Base */ = {isa = PBXFileReference; lastKnownFileType = file.storyboard; name = Base; path = Base.lproj/LaunchScreen.storyboard; sourceTree = "<group>"; };
		01B4118A243F34A700D2FB4C /* Info.plist */ = {isa = PBXFileReference; lastKnownFileType = text.plist.xml; path = Info.plist; sourceTree = "<group>"; };
		01B4118F243F34A700D2FB4C /* TasksTests.xctest */ = {isa = PBXFileReference; explicitFileType = wrapper.cfbundle; includeInIndex = 0; path = TasksTests.xctest; sourceTree = BUILT_PRODUCTS_DIR; };
		01B41193243F34A700D2FB4C /* TasksTests.swift */ = {isa = PBXFileReference; lastKnownFileType = sourcecode.swift; path = TasksTests.swift; sourceTree = "<group>"; };
		01B41195243F34A700D2FB4C /* Info.plist */ = {isa = PBXFileReference; lastKnownFileType = text.plist.xml; path = Info.plist; sourceTree = "<group>"; };
		01B4119A243F34A700D2FB4C /* TasksUITests.xctest */ = {isa = PBXFileReference; explicitFileType = wrapper.cfbundle; includeInIndex = 0; path = TasksUITests.xctest; sourceTree = BUILT_PRODUCTS_DIR; };
		01B4119E243F34A700D2FB4C /* TasksUITests.swift */ = {isa = PBXFileReference; lastKnownFileType = sourcecode.swift; path = TasksUITests.swift; sourceTree = "<group>"; };
		01B411A0243F34A700D2FB4C /* Info.plist */ = {isa = PBXFileReference; lastKnownFileType = text.plist.xml; path = Info.plist; sourceTree = "<group>"; };
/* End PBXFileReference section */

/* Begin PBXFrameworksBuildPhase section */
		012E4B8B244C189600B5C554 /* Frameworks */ = {
			isa = PBXFrameworksBuildPhase;
			buildActionMask = 2147483647;
			files = (
				012E4B8F244C189600B5C554 /* NotificationCenter.framework in Frameworks */,
			);
			runOnlyForDeploymentPostprocessing = 0;
		};
		01B41176243F34A300D2FB4C /* Frameworks */ = {
			isa = PBXFrameworksBuildPhase;
			buildActionMask = 2147483647;
			files = (
			);
			runOnlyForDeploymentPostprocessing = 0;
		};
		01B4118C243F34A700D2FB4C /* Frameworks */ = {
			isa = PBXFrameworksBuildPhase;
			buildActionMask = 2147483647;
			files = (
			);
			runOnlyForDeploymentPostprocessing = 0;
		};
		01B41197243F34A700D2FB4C /* Frameworks */ = {
			isa = PBXFrameworksBuildPhase;
			buildActionMask = 2147483647;
			files = (
			);
			runOnlyForDeploymentPostprocessing = 0;
		};
/* End PBXFrameworksBuildPhase section */

/* Begin PBXGroup section */
		010CA8DB244421CD00BE993E /* Frameworks */ = {
			isa = PBXGroup;
			children = (
				012E4B3C244B1D0C00B5C554 /* NotificationCenter.framework */,
			);
			name = Frameworks;
			sourceTree = "<group>";
		};
		012E4B90244C189600B5C554 /* Tasks Widget */ = {
			isa = PBXGroup;
			children = (
				012E4B9D244C18A300B5C554 /* Tasks Widget.entitlements */,
				012E4B91244C189600B5C554 /* TodayViewController.swift */,
				012E4B93244C189600B5C554 /* MainInterface.storyboard */,
				012E4B96244C189600B5C554 /* Info.plist */,
			);
			path = "Tasks Widget";
			sourceTree = "<group>";
		};
		01B41170243F34A300D2FB4C = {
			isa = PBXGroup;
			children = (
				01B4117B243F34A300D2FB4C /* Tasks */,
				01B41192243F34A700D2FB4C /* TasksTests */,
				01B4119D243F34A700D2FB4C /* TasksUITests */,
				012E4B90244C189600B5C554 /* Tasks Widget */,
				01B4117A243F34A300D2FB4C /* Products */,
				010CA8DB244421CD00BE993E /* Frameworks */,
			);
			sourceTree = "<group>";
		};
		01B4117A243F34A300D2FB4C /* Products */ = {
			isa = PBXGroup;
			children = (
				01B41179243F34A300D2FB4C /* Tasks.app */,
				01B4118F243F34A700D2FB4C /* TasksTests.xctest */,
				01B4119A243F34A700D2FB4C /* TasksUITests.xctest */,
				012E4B8E244C189600B5C554 /* Next Task.appex */,
			);
			name = Products;
			sourceTree = "<group>";
		};
		01B4117B243F34A300D2FB4C /* Tasks */ = {
			isa = PBXGroup;
			children = (
				012E4B89244C17B700B5C554 /* Tasks.entitlements */,
				01B4117C243F34A300D2FB4C /* AppDelegate.swift */,
				01B4117E243F34A300D2FB4C /* SceneDelegate.swift */,
				012E4B9E244C199500B5C554 /* SharedData.swift */,
				012E4BA1244C2BB500B5C554 /* Helper.swift */,
				01B41180243F34A300D2FB4C /* ContentView.swift */,
				010CA94424457A6B00BE993E /* pullToRefresh.swift */,
				010CA94624457AB600BE993E /* uiScope.swift */,
				010CA92C244424B900BE993E /* Task.xcdatamodeld */,
				010CA8B82441D73D00BE993E /* ModalView.swift */,
				010CA8B62441D6FB00BE993E /* UserPrefs.swift */,
				010CA8B42441D6C100BE993E /* Extensions.swift */,
				01B41182243F34A700D2FB4C /* Assets.xcassets */,
				01B41187243F34A700D2FB4C /* LaunchScreen.storyboard */,
				01B4118A243F34A700D2FB4C /* Info.plist */,
				010CA93E2444512000BE993E /* Task+CoreDataClass.swift */,
				010CA93D2444512000BE993E /* Task+CoreDataProperties.swift */,
				01B41184243F34A700D2FB4C /* Preview Content */,
			);
			path = Tasks;
			sourceTree = "<group>";
		};
		01B41184243F34A700D2FB4C /* Preview Content */ = {
			isa = PBXGroup;
			children = (
				01B41185243F34A700D2FB4C /* Preview Assets.xcassets */,
			);
			path = "Preview Content";
			sourceTree = "<group>";
		};
		01B41192243F34A700D2FB4C /* TasksTests */ = {
			isa = PBXGroup;
			children = (
				01B41193243F34A700D2FB4C /* TasksTests.swift */,
				01B41195243F34A700D2FB4C /* Info.plist */,
			);
			path = TasksTests;
			sourceTree = "<group>";
		};
		01B4119D243F34A700D2FB4C /* TasksUITests */ = {
			isa = PBXGroup;
			children = (
				01B4119E243F34A700D2FB4C /* TasksUITests.swift */,
				01B411A0243F34A700D2FB4C /* Info.plist */,
			);
			path = TasksUITests;
			sourceTree = "<group>";
		};
/* End PBXGroup section */

/* Begin PBXNativeTarget section */
		012E4B8D244C189600B5C554 /* Tasks Widget */ = {
			isa = PBXNativeTarget;
			buildConfigurationList = 012E4B9A244C189600B5C554 /* Build configuration list for PBXNativeTarget "Tasks Widget" */;
			buildPhases = (
				012E4B8A244C189600B5C554 /* Sources */,
				012E4B8B244C189600B5C554 /* Frameworks */,
				012E4B8C244C189600B5C554 /* Resources */,
			);
			buildRules = (
			);
			dependencies = (
			);
			name = "Tasks Widget";
			productName = "Tasks Widget";
			productReference = 012E4B8E244C189600B5C554 /* Next Task.appex */;
			productType = "com.apple.product-type.app-extension";
		};
		01B41178243F34A300D2FB4C /* Tasks */ = {
			isa = PBXNativeTarget;
			buildConfigurationList = 01B411A3243F34A800D2FB4C /* Build configuration list for PBXNativeTarget "Tasks" */;
			buildPhases = (
				01B41175243F34A300D2FB4C /* Sources */,
				01B41176243F34A300D2FB4C /* Frameworks */,
				01B41177243F34A300D2FB4C /* Resources */,
				012E4B57244B255E00B5C554 /* Embed App Extensions */,
				012E4B88244B2A4600B5C554 /* Embed Watch Content */,
			);
			buildRules = (
			);
			dependencies = (
				012E4B98244C189600B5C554 /* PBXTargetDependency */,
			);
			name = Tasks;
			packageProductDependencies = (
			);
			productName = Tasks;
			productReference = 01B41179243F34A300D2FB4C /* Tasks.app */;
			productType = "com.apple.product-type.application";
		};
		01B4118E243F34A700D2FB4C /* TasksTests */ = {
			isa = PBXNativeTarget;
			buildConfigurationList = 01B411A6243F34A800D2FB4C /* Build configuration list for PBXNativeTarget "TasksTests" */;
			buildPhases = (
				01B4118B243F34A700D2FB4C /* Sources */,
				01B4118C243F34A700D2FB4C /* Frameworks */,
				01B4118D243F34A700D2FB4C /* Resources */,
			);
			buildRules = (
			);
			dependencies = (
				01B41191243F34A700D2FB4C /* PBXTargetDependency */,
			);
			name = TasksTests;
			productName = TasksTests;
			productReference = 01B4118F243F34A700D2FB4C /* TasksTests.xctest */;
			productType = "com.apple.product-type.bundle.unit-test";
		};
		01B41199243F34A700D2FB4C /* TasksUITests */ = {
			isa = PBXNativeTarget;
			buildConfigurationList = 01B411A9243F34A800D2FB4C /* Build configuration list for PBXNativeTarget "TasksUITests" */;
			buildPhases = (
				01B41196243F34A700D2FB4C /* Sources */,
				01B41197243F34A700D2FB4C /* Frameworks */,
				01B41198243F34A700D2FB4C /* Resources */,
			);
			buildRules = (
			);
			dependencies = (
				01B4119C243F34A700D2FB4C /* PBXTargetDependency */,
			);
			name = TasksUITests;
			productName = TasksUITests;
			productReference = 01B4119A243F34A700D2FB4C /* TasksUITests.xctest */;
			productType = "com.apple.product-type.bundle.ui-testing";
		};
/* End PBXNativeTarget section */

/* Begin PBXProject section */
		01B41171243F34A300D2FB4C /* Project object */ = {
			isa = PBXProject;
			attributes = {
				LastSwiftUpdateCheck = 1140;
				LastUpgradeCheck = 1140;
				ORGANIZATIONNAME = "Nick Garfitt";
				TargetAttributes = {
					012E4B8D244C189600B5C554 = {
						CreatedOnToolsVersion = 11.4;
					};
					01B41178243F34A300D2FB4C = {
						CreatedOnToolsVersion = 11.4;
						LastSwiftMigration = 1140;
					};
					01B4118E243F34A700D2FB4C = {
						CreatedOnToolsVersion = 11.4;
						TestTargetID = 01B41178243F34A300D2FB4C;
					};
					01B41199243F34A700D2FB4C = {
						CreatedOnToolsVersion = 11.4;
						TestTargetID = 01B41178243F34A300D2FB4C;
					};
				};
			};
			buildConfigurationList = 01B41174243F34A300D2FB4C /* Build configuration list for PBXProject "Tasks" */;
			compatibilityVersion = "Xcode 9.3";
			developmentRegion = en;
			hasScannedForEncodings = 0;
			knownRegions = (
				en,
				Base,
			);
			mainGroup = 01B41170243F34A300D2FB4C;
			packageReferences = (
			);
			productRefGroup = 01B4117A243F34A300D2FB4C /* Products */;
			projectDirPath = "";
			projectRoot = "";
			targets = (
				01B41178243F34A300D2FB4C /* Tasks */,
				01B4118E243F34A700D2FB4C /* TasksTests */,
				01B41199243F34A700D2FB4C /* TasksUITests */,
				012E4B8D244C189600B5C554 /* Tasks Widget */,
			);
		};
/* End PBXProject section */

/* Begin PBXResourcesBuildPhase section */
		012E4B8C244C189600B5C554 /* Resources */ = {
			isa = PBXResourcesBuildPhase;
			buildActionMask = 2147483647;
			files = (
				012E4B95244C189600B5C554 /* MainInterface.storyboard in Resources */,
			);
			runOnlyForDeploymentPostprocessing = 0;
		};
		01B41177243F34A300D2FB4C /* Resources */ = {
			isa = PBXResourcesBuildPhase;
			buildActionMask = 2147483647;
			files = (
				01B41189243F34A700D2FB4C /* LaunchScreen.storyboard in Resources */,
				01B41186243F34A700D2FB4C /* Preview Assets.xcassets in Resources */,
				01B41183243F34A700D2FB4C /* Assets.xcassets in Resources */,
			);
			runOnlyForDeploymentPostprocessing = 0;
		};
		01B4118D243F34A700D2FB4C /* Resources */ = {
			isa = PBXResourcesBuildPhase;
			buildActionMask = 2147483647;
			files = (
			);
			runOnlyForDeploymentPostprocessing = 0;
		};
		01B41198243F34A700D2FB4C /* Resources */ = {
			isa = PBXResourcesBuildPhase;
			buildActionMask = 2147483647;
			files = (
			);
			runOnlyForDeploymentPostprocessing = 0;
		};
/* End PBXResourcesBuildPhase section */

/* Begin PBXSourcesBuildPhase section */
		012E4B8A244C189600B5C554 /* Sources */ = {
			isa = PBXSourcesBuildPhase;
			buildActionMask = 2147483647;
			files = (
				012E4BA0244C19E800B5C554 /* SharedData.swift in Sources */,
				012E4B92244C189600B5C554 /* TodayViewController.swift in Sources */,
				012E4BA3244C2BB800B5C554 /* Helper.swift in Sources */,
				012E4BA5244C2CE200B5C554 /* Task.xcdatamodeld in Sources */,
				012E4BA7244C2CE900B5C554 /* Task+CoreDataProperties.swift in Sources */,
				012E4BA6244C2CE700B5C554 /* Task+CoreDataClass.swift in Sources */,
				012E4BA4244C2CB800B5C554 /* Extensions.swift in Sources */,
			);
			runOnlyForDeploymentPostprocessing = 0;
		};
		01B41175243F34A300D2FB4C /* Sources */ = {
			isa = PBXSourcesBuildPhase;
			buildActionMask = 2147483647;
			files = (
				012E4B9F244C199500B5C554 /* SharedData.swift in Sources */,
				010CA93F2444512000BE993E /* Task+CoreDataProperties.swift in Sources */,
				010CA94724457AB600BE993E /* uiScope.swift in Sources */,
				010CA8B52441D6C100BE993E /* Extensions.swift in Sources */,
				010CA92E244424B900BE993E /* Task.xcdatamodeld in Sources */,
				010CA8B72441D6FB00BE993E /* UserPrefs.swift in Sources */,
				01B4117D243F34A300D2FB4C /* AppDelegate.swift in Sources */,
				01B4117F243F34A300D2FB4C /* SceneDelegate.swift in Sources */,
				010CA8B92441D73D00BE993E /* ModalView.swift in Sources */,
				010CA9402444512000BE993E /* Task+CoreDataClass.swift in Sources */,
				012E4BA2244C2BB500B5C554 /* Helper.swift in Sources */,
				01B41181243F34A300D2FB4C /* ContentView.swift in Sources */,
				010CA94524457A6C00BE993E /* pullToRefresh.swift in Sources */,
			);
			runOnlyForDeploymentPostprocessing = 0;
		};
		01B4118B243F34A700D2FB4C /* Sources */ = {
			isa = PBXSourcesBuildPhase;
			buildActionMask = 2147483647;
			files = (
				01B41194243F34A700D2FB4C /* TasksTests.swift in Sources */,
			);
			runOnlyForDeploymentPostprocessing = 0;
		};
		01B41196243F34A700D2FB4C /* Sources */ = {
			isa = PBXSourcesBuildPhase;
			buildActionMask = 2147483647;
			files = (
				01B4119F243F34A700D2FB4C /* TasksUITests.swift in Sources */,
			);
			runOnlyForDeploymentPostprocessing = 0;
		};
/* End PBXSourcesBuildPhase section */

/* Begin PBXTargetDependency section */
		012E4B98244C189600B5C554 /* PBXTargetDependency */ = {
			isa = PBXTargetDependency;
			target = 012E4B8D244C189600B5C554 /* Tasks Widget */;
			targetProxy = 012E4B97244C189600B5C554 /* PBXContainerItemProxy */;
		};
		01B41191243F34A700D2FB4C /* PBXTargetDependency */ = {
			isa = PBXTargetDependency;
			target = 01B41178243F34A300D2FB4C /* Tasks */;
			targetProxy = 01B41190243F34A700D2FB4C /* PBXContainerItemProxy */;
		};
		01B4119C243F34A700D2FB4C /* PBXTargetDependency */ = {
			isa = PBXTargetDependency;
			target = 01B41178243F34A300D2FB4C /* Tasks */;
			targetProxy = 01B4119B243F34A700D2FB4C /* PBXContainerItemProxy */;
		};
/* End PBXTargetDependency section */

/* Begin PBXVariantGroup section */
		012E4B93244C189600B5C554 /* MainInterface.storyboard */ = {
			isa = PBXVariantGroup;
			children = (
				012E4B94244C189600B5C554 /* Base */,
			);
			name = MainInterface.storyboard;
			sourceTree = "<group>";
		};
		01B41187243F34A700D2FB4C /* LaunchScreen.storyboard */ = {
			isa = PBXVariantGroup;
			children = (
				01B41188243F34A700D2FB4C /* Base */,
			);
			name = LaunchScreen.storyboard;
			sourceTree = "<group>";
		};
/* End PBXVariantGroup section */

/* Begin XCBuildConfiguration section */
		012E4B9B244C189600B5C554 /* Debug */ = {
			isa = XCBuildConfiguration;
			buildSettings = {
				CODE_SIGN_ENTITLEMENTS = "Tasks Widget/Tasks Widget.entitlements";
				CODE_SIGN_IDENTITY = "Apple Development";
				CODE_SIGN_STYLE = Automatic;
				CURRENT_PROJECT_VERSION = 10;
				DEVELOPMENT_TEAM = 9DQQ9A7A6S;
				INFOPLIST_FILE = "Tasks Widget/Info.plist";
				LD_RUNPATH_SEARCH_PATHS = (
					"$(inherited)",
					"@executable_path/Frameworks",
					"@executable_path/../../Frameworks",
				);
				MARKETING_VERSION = 1.2;
				PRODUCT_BUNDLE_IDENTIFIER = com.nick.Tasks.widget;
				PRODUCT_NAME = "Next Task";
				SKIP_INSTALL = YES;
				SWIFT_VERSION = 5.0;
				TARGETED_DEVICE_FAMILY = 1;
			};
			name = Debug;
		};
		012E4B9C244C189600B5C554 /* Release */ = {
			isa = XCBuildConfiguration;
			buildSettings = {
				CODE_SIGN_ENTITLEMENTS = "Tasks Widget/Tasks Widget.entitlements";
				CODE_SIGN_IDENTITY = "Apple Development";
				CODE_SIGN_STYLE = Automatic;
				CURRENT_PROJECT_VERSION = 10;
				DEVELOPMENT_TEAM = 9DQQ9A7A6S;
				INFOPLIST_FILE = "Tasks Widget/Info.plist";
				LD_RUNPATH_SEARCH_PATHS = (
					"$(inherited)",
					"@executable_path/Frameworks",
					"@executable_path/../../Frameworks",
				);
				MARKETING_VERSION = 1.2;
				PRODUCT_BUNDLE_IDENTIFIER = com.nick.Tasks.widget;
				PRODUCT_NAME = "Next Task";
				SKIP_INSTALL = YES;
				SWIFT_VERSION = 5.0;
				TARGETED_DEVICE_FAMILY = 1;
			};
			name = Release;
		};
		01B411A1243F34A800D2FB4C /* Debug */ = {
			isa = XCBuildConfiguration;
			buildSettings = {
				ALWAYS_SEARCH_USER_PATHS = NO;
				CLANG_ANALYZER_NONNULL = YES;
				CLANG_ANALYZER_NUMBER_OBJECT_CONVERSION = YES_AGGRESSIVE;
				CLANG_CXX_LANGUAGE_STANDARD = "gnu++14";
				CLANG_CXX_LIBRARY = "libc++";
				CLANG_ENABLE_MODULES = YES;
				CLANG_ENABLE_OBJC_ARC = YES;
				CLANG_ENABLE_OBJC_WEAK = YES;
				CLANG_WARN_BLOCK_CAPTURE_AUTORELEASING = YES;
				CLANG_WARN_BOOL_CONVERSION = YES;
				CLANG_WARN_COMMA = YES;
				CLANG_WARN_CONSTANT_CONVERSION = YES;
				CLANG_WARN_DEPRECATED_OBJC_IMPLEMENTATIONS = YES;
				CLANG_WARN_DIRECT_OBJC_ISA_USAGE = YES_ERROR;
				CLANG_WARN_DOCUMENTATION_COMMENTS = YES;
				CLANG_WARN_EMPTY_BODY = YES;
				CLANG_WARN_ENUM_CONVERSION = YES;
				CLANG_WARN_INFINITE_RECURSION = YES;
				CLANG_WARN_INT_CONVERSION = YES;
				CLANG_WARN_NON_LITERAL_NULL_CONVERSION = YES;
				CLANG_WARN_OBJC_IMPLICIT_RETAIN_SELF = YES;
				CLANG_WARN_OBJC_LITERAL_CONVERSION = YES;
				CLANG_WARN_OBJC_ROOT_CLASS = YES_ERROR;
				CLANG_WARN_RANGE_LOOP_ANALYSIS = YES;
				CLANG_WARN_STRICT_PROTOTYPES = YES;
				CLANG_WARN_SUSPICIOUS_MOVE = YES;
				CLANG_WARN_UNGUARDED_AVAILABILITY = YES_AGGRESSIVE;
				CLANG_WARN_UNREACHABLE_CODE = YES;
				CLANG_WARN__DUPLICATE_METHOD_MATCH = YES;
				COPY_PHASE_STRIP = NO;
				DEBUG_INFORMATION_FORMAT = dwarf;
				ENABLE_STRICT_OBJC_MSGSEND = YES;
				ENABLE_TESTABILITY = YES;
				GCC_C_LANGUAGE_STANDARD = gnu11;
				GCC_DYNAMIC_NO_PIC = NO;
				GCC_NO_COMMON_BLOCKS = YES;
				GCC_OPTIMIZATION_LEVEL = 0;
				GCC_PREPROCESSOR_DEFINITIONS = (
					"DEBUG=1",
					"$(inherited)",
				);
				GCC_WARN_64_TO_32_BIT_CONVERSION = YES;
				GCC_WARN_ABOUT_RETURN_TYPE = YES_ERROR;
				GCC_WARN_UNDECLARED_SELECTOR = YES;
				GCC_WARN_UNINITIALIZED_AUTOS = YES_AGGRESSIVE;
				GCC_WARN_UNUSED_FUNCTION = YES;
				GCC_WARN_UNUSED_VARIABLE = YES;
				IPHONEOS_DEPLOYMENT_TARGET = 13.4;
				MTL_ENABLE_DEBUG_INFO = INCLUDE_SOURCE;
				MTL_FAST_MATH = YES;
				ONLY_ACTIVE_ARCH = YES;
				SDKROOT = iphoneos;
				SWIFT_ACTIVE_COMPILATION_CONDITIONS = DEBUG;
				SWIFT_OPTIMIZATION_LEVEL = "-Onone";
			};
			name = Debug;
		};
		01B411A2243F34A800D2FB4C /* Release */ = {
			isa = XCBuildConfiguration;
			buildSettings = {
				ALWAYS_SEARCH_USER_PATHS = NO;
				CLANG_ANALYZER_NONNULL = YES;
				CLANG_ANALYZER_NUMBER_OBJECT_CONVERSION = YES_AGGRESSIVE;
				CLANG_CXX_LANGUAGE_STANDARD = "gnu++14";
				CLANG_CXX_LIBRARY = "libc++";
				CLANG_ENABLE_MODULES = YES;
				CLANG_ENABLE_OBJC_ARC = YES;
				CLANG_ENABLE_OBJC_WEAK = YES;
				CLANG_WARN_BLOCK_CAPTURE_AUTORELEASING = YES;
				CLANG_WARN_BOOL_CONVERSION = YES;
				CLANG_WARN_COMMA = YES;
				CLANG_WARN_CONSTANT_CONVERSION = YES;
				CLANG_WARN_DEPRECATED_OBJC_IMPLEMENTATIONS = YES;
				CLANG_WARN_DIRECT_OBJC_ISA_USAGE = YES_ERROR;
				CLANG_WARN_DOCUMENTATION_COMMENTS = YES;
				CLANG_WARN_EMPTY_BODY = YES;
				CLANG_WARN_ENUM_CONVERSION = YES;
				CLANG_WARN_INFINITE_RECURSION = YES;
				CLANG_WARN_INT_CONVERSION = YES;
				CLANG_WARN_NON_LITERAL_NULL_CONVERSION = YES;
				CLANG_WARN_OBJC_IMPLICIT_RETAIN_SELF = YES;
				CLANG_WARN_OBJC_LITERAL_CONVERSION = YES;
				CLANG_WARN_OBJC_ROOT_CLASS = YES_ERROR;
				CLANG_WARN_RANGE_LOOP_ANALYSIS = YES;
				CLANG_WARN_STRICT_PROTOTYPES = YES;
				CLANG_WARN_SUSPICIOUS_MOVE = YES;
				CLANG_WARN_UNGUARDED_AVAILABILITY = YES_AGGRESSIVE;
				CLANG_WARN_UNREACHABLE_CODE = YES;
				CLANG_WARN__DUPLICATE_METHOD_MATCH = YES;
				COPY_PHASE_STRIP = NO;
				DEBUG_INFORMATION_FORMAT = "dwarf-with-dsym";
				ENABLE_NS_ASSERTIONS = NO;
				ENABLE_STRICT_OBJC_MSGSEND = YES;
				GCC_C_LANGUAGE_STANDARD = gnu11;
				GCC_NO_COMMON_BLOCKS = YES;
				GCC_WARN_64_TO_32_BIT_CONVERSION = YES;
				GCC_WARN_ABOUT_RETURN_TYPE = YES_ERROR;
				GCC_WARN_UNDECLARED_SELECTOR = YES;
				GCC_WARN_UNINITIALIZED_AUTOS = YES_AGGRESSIVE;
				GCC_WARN_UNUSED_FUNCTION = YES;
				GCC_WARN_UNUSED_VARIABLE = YES;
				IPHONEOS_DEPLOYMENT_TARGET = 13.4;
				MTL_ENABLE_DEBUG_INFO = NO;
				MTL_FAST_MATH = YES;
				SDKROOT = iphoneos;
				SWIFT_COMPILATION_MODE = wholemodule;
				SWIFT_OPTIMIZATION_LEVEL = "-O";
				VALIDATE_PRODUCT = YES;
			};
			name = Release;
		};
		01B411A4243F34A800D2FB4C /* Debug */ = {
			isa = XCBuildConfiguration;
			buildSettings = {
				ALWAYS_EMBED_SWIFT_STANDARD_LIBRARIES = YES;
				ASSETCATALOG_COMPILER_APPICON_NAME = AppIcon;
				CLANG_ENABLE_MODULES = YES;
				CODE_SIGN_ENTITLEMENTS = Tasks/Tasks.entitlements;
				CODE_SIGN_IDENTITY = "Apple Development";
				CODE_SIGN_STYLE = Automatic;
				CURRENT_PROJECT_VERSION = 10;
				DEVELOPMENT_ASSET_PATHS = "\"Tasks/Preview Content\"";
				DEVELOPMENT_TEAM = 9DQQ9A7A6S;
				ENABLE_PREVIEWS = YES;
				INFOPLIST_FILE = Tasks/Info.plist;
				LD_RUNPATH_SEARCH_PATHS = (
					"$(inherited)",
					"@executable_path/Frameworks",
				);
				MARKETING_VERSION = 1.2;
				PRODUCT_BUNDLE_IDENTIFIER = com.nick.Tasks;
				PRODUCT_NAME = "$(TARGET_NAME)";
				PROVISIONING_PROFILE_SPECIFIER = "";
				SWIFT_INSTALL_OBJC_HEADER = NO;
				SWIFT_OPTIMIZATION_LEVEL = "-Onone";
				SWIFT_PRECOMPILE_BRIDGING_HEADER = NO;
				SWIFT_VERSION = 5.0;
				TARGETED_DEVICE_FAMILY = 1;
			};
			name = Debug;
		};
		01B411A5243F34A800D2FB4C /* Release */ = {
			isa = XCBuildConfiguration;
			buildSettings = {
				ALWAYS_EMBED_SWIFT_STANDARD_LIBRARIES = YES;
				ASSETCATALOG_COMPILER_APPICON_NAME = AppIcon;
				CLANG_ENABLE_MODULES = YES;
				CODE_SIGN_ENTITLEMENTS = Tasks/Tasks.entitlements;
				CODE_SIGN_IDENTITY = "Apple Development";
				CODE_SIGN_STYLE = Automatic;
				CURRENT_PROJECT_VERSION = 10;
				DEVELOPMENT_ASSET_PATHS = "\"Tasks/Preview Content\"";
				DEVELOPMENT_TEAM = 9DQQ9A7A6S;
				ENABLE_PREVIEWS = YES;
				INFOPLIST_FILE = Tasks/Info.plist;
				LD_RUNPATH_SEARCH_PATHS = (
					"$(inherited)",
					"@executable_path/Frameworks",
				);
				MARKETING_VERSION = 1.2;
				PRODUCT_BUNDLE_IDENTIFIER = com.nick.Tasks;
				PRODUCT_NAME = "$(TARGET_NAME)";
				PROVISIONING_PROFILE_SPECIFIER = "";
				SWIFT_INSTALL_OBJC_HEADER = NO;
				SWIFT_PRECOMPILE_BRIDGING_HEADER = NO;
				SWIFT_VERSION = 5.0;
				TARGETED_DEVICE_FAMILY = 1;
			};
			name = Release;
		};
		01B411A7243F34A800D2FB4C /* Debug */ = {
			isa = XCBuildConfiguration;
			buildSettings = {
				ALWAYS_EMBED_SWIFT_STANDARD_LIBRARIES = YES;
				BUNDLE_LOADER = "$(TEST_HOST)";
				CODE_SIGN_STYLE = Automatic;
				DEVELOPMENT_TEAM = 9DQQ9A7A6S;
				INFOPLIST_FILE = TasksTests/Info.plist;
				IPHONEOS_DEPLOYMENT_TARGET = 13.4;
				LD_RUNPATH_SEARCH_PATHS = (
					"$(inherited)",
					"@executable_path/Frameworks",
					"@loader_path/Frameworks",
				);
				PRODUCT_BUNDLE_IDENTIFIER = com.nick.TasksTests;
				PRODUCT_NAME = "$(TARGET_NAME)";
				SWIFT_VERSION = 5.0;
				TARGETED_DEVICE_FAMILY = "1,2";
				TEST_HOST = "$(BUILT_PRODUCTS_DIR)/Tasks.app/Tasks";
			};
			name = Debug;
		};
		01B411A8243F34A800D2FB4C /* Release */ = {
			isa = XCBuildConfiguration;
			buildSettings = {
				ALWAYS_EMBED_SWIFT_STANDARD_LIBRARIES = YES;
				BUNDLE_LOADER = "$(TEST_HOST)";
				CODE_SIGN_STYLE = Automatic;
				DEVELOPMENT_TEAM = 9DQQ9A7A6S;
				INFOPLIST_FILE = TasksTests/Info.plist;
				IPHONEOS_DEPLOYMENT_TARGET = 13.4;
				LD_RUNPATH_SEARCH_PATHS = (
					"$(inherited)",
					"@executable_path/Frameworks",
					"@loader_path/Frameworks",
				);
				PRODUCT_BUNDLE_IDENTIFIER = com.nick.TasksTests;
				PRODUCT_NAME = "$(TARGET_NAME)";
				SWIFT_VERSION = 5.0;
				TARGETED_DEVICE_FAMILY = "1,2";
				TEST_HOST = "$(BUILT_PRODUCTS_DIR)/Tasks.app/Tasks";
			};
			name = Release;
		};
		01B411AA243F34A800D2FB4C /* Debug */ = {
			isa = XCBuildConfiguration;
			buildSettings = {
				ALWAYS_EMBED_SWIFT_STANDARD_LIBRARIES = YES;
				CODE_SIGN_STYLE = Automatic;
				DEVELOPMENT_TEAM = 9DQQ9A7A6S;
				INFOPLIST_FILE = TasksUITests/Info.plist;
				LD_RUNPATH_SEARCH_PATHS = (
					"$(inherited)",
					"@executable_path/Frameworks",
					"@loader_path/Frameworks",
				);
				PRODUCT_BUNDLE_IDENTIFIER = com.nick.TasksUITests;
				PRODUCT_NAME = "$(TARGET_NAME)";
				SWIFT_VERSION = 5.0;
				TARGETED_DEVICE_FAMILY = "1,2";
				TEST_TARGET_NAME = Tasks;
			};
			name = Debug;
		};
		01B411AB243F34A800D2FB4C /* Release */ = {
			isa = XCBuildConfiguration;
			buildSettings = {
				ALWAYS_EMBED_SWIFT_STANDARD_LIBRARIES = YES;
				CODE_SIGN_STYLE = Automatic;
				DEVELOPMENT_TEAM = 9DQQ9A7A6S;
				INFOPLIST_FILE = TasksUITests/Info.plist;
				LD_RUNPATH_SEARCH_PATHS = (
					"$(inherited)",
					"@executable_path/Frameworks",
					"@loader_path/Frameworks",
				);
				PRODUCT_BUNDLE_IDENTIFIER = com.nick.TasksUITests;
				PRODUCT_NAME = "$(TARGET_NAME)";
				SWIFT_VERSION = 5.0;
				TARGETED_DEVICE_FAMILY = "1,2";
				TEST_TARGET_NAME = Tasks;
			};
			name = Release;
		};
/* End XCBuildConfiguration section */

/* Begin XCConfigurationList section */
		012E4B9A244C189600B5C554 /* Build configuration list for PBXNativeTarget "Tasks Widget" */ = {
			isa = XCConfigurationList;
			buildConfigurations = (
				012E4B9B244C189600B5C554 /* Debug */,
				012E4B9C244C189600B5C554 /* Release */,
			);
			defaultConfigurationIsVisible = 0;
			defaultConfigurationName = Release;
		};
		01B41174243F34A300D2FB4C /* Build configuration list for PBXProject "Tasks" */ = {
			isa = XCConfigurationList;
			buildConfigurations = (
				01B411A1243F34A800D2FB4C /* Debug */,
				01B411A2243F34A800D2FB4C /* Release */,
			);
			defaultConfigurationIsVisible = 0;
			defaultConfigurationName = Release;
		};
		01B411A3243F34A800D2FB4C /* Build configuration list for PBXNativeTarget "Tasks" */ = {
			isa = XCConfigurationList;
			buildConfigurations = (
				01B411A4243F34A800D2FB4C /* Debug */,
				01B411A5243F34A800D2FB4C /* Release */,
			);
			defaultConfigurationIsVisible = 0;
			defaultConfigurationName = Release;
		};
		01B411A6243F34A800D2FB4C /* Build configuration list for PBXNativeTarget "TasksTests" */ = {
			isa = XCConfigurationList;
			buildConfigurations = (
				01B411A7243F34A800D2FB4C /* Debug */,
				01B411A8243F34A800D2FB4C /* Release */,
			);
			defaultConfigurationIsVisible = 0;
			defaultConfigurationName = Release;
		};
		01B411A9243F34A800D2FB4C /* Build configuration list for PBXNativeTarget "TasksUITests" */ = {
			isa = XCConfigurationList;
			buildConfigurations = (
				01B411AA243F34A800D2FB4C /* Debug */,
				01B411AB243F34A800D2FB4C /* Release */,
			);
			defaultConfigurationIsVisible = 0;
			defaultConfigurationName = Release;
		};
/* End XCConfigurationList section */

/* Begin XCVersionGroup section */
		010CA92C244424B900BE993E /* Task.xcdatamodeld */ = {
			isa = XCVersionGroup;
			children = (
				010CA92D244424B900BE993E /* TaskModel.xcdatamodel */,
			);
			currentVersion = 010CA92D244424B900BE993E /* TaskModel.xcdatamodel */;
			path = Task.xcdatamodeld;
			sourceTree = "<group>";
			versionGroupType = wrapper.xcdatamodel;
		};
/* End XCVersionGroup section */
	};
	rootObject = 01B41171243F34A300D2FB4C /* Project object */;
}
